{
  "requires": true,
  "lockfileVersion": 1,
  "dependencies": {
    "@google-cloud/datastore": {
      "version": "6.1.0",
      "resolved": "https://registry.npm.taobao.org/@google-cloud/datastore/download/@google-cloud/datastore-6.1.0.tgz",
      "integrity": "sha1-H1LoFravncebg+/nwYcvVeO4KMU=",
      "requires": {
        "@google-cloud/promisify": "^2.0.0",
        "arrify": "^2.0.1",
        "concat-stream": "^2.0.0",
        "extend": "^3.0.2",
        "google-gax": "^2.2.0",
        "is": "^3.3.0",
        "split-array-stream": "^2.0.0",
        "stream-events": "^1.0.5"
      }
    },
    "@google-cloud/promisify": {
      "version": "2.0.2",
      "resolved": "https://registry.npm.taobao.org/@google-cloud/promisify/download/@google-cloud/promisify-2.0.2.tgz",
      "integrity": "sha1-gdZUtMsifGXHrS+adxUmL+vUCe0="
    },
    "@grpc/grpc-js": {
      "version": "1.1.5",
      "resolved": "https://registry.npm.taobao.org/@grpc/grpc-js/download/@grpc/grpc-js-1.1.5.tgz",
      "integrity": "sha1-LQsmHNVKUp9reKwN6db9kamjEpw=",
      "requires": {
        "@grpc/proto-loader": "^0.6.0-pre14",
        "@types/node": "^12.12.47",
        "google-auth-library": "^6.0.0",
        "semver": "^6.2.0"
      },
      "dependencies": {
        "@grpc/proto-loader": {
          "version": "0.6.0-pre9",
          "resolved": "https://registry.npm.taobao.org/@grpc/proto-loader/download/@grpc/proto-loader-0.6.0-pre9.tgz",
          "integrity": "sha1-DG/kL2xe+c4bPO975k1bCdb+TW0=",
          "requires": {
            "@types/long": "^4.0.1",
            "lodash.camelcase": "^4.3.0",
            "long": "^4.0.0",
            "protobufjs": "^6.9.0",
            "yargs": "^15.3.1"
          }
        }
      }
    },
    "@grpc/proto-loader": {
      "version": "0.5.5",
      "resolved": "https://registry.npm.taobao.org/@grpc/proto-loader/download/@grpc/proto-loader-0.5.5.tgz",
      "integrity": "sha1-ZyXnoYJ7346S4p+/Tp7wIDwJBqk=",
      "requires": {
        "lodash.camelcase": "^4.3.0",
        "protobufjs": "^6.8.6"
      }
    },
    "@protobufjs/aspromise": {
      "version": "1.1.2",
      "resolved": "https://registry.npm.taobao.org/@protobufjs/aspromise/download/@protobufjs/aspromise-1.1.2.tgz",
      "integrity": "sha1-m4sMxmPWaafY9vXQiToU00jzD78="
    },
    "@protobufjs/base64": {
      "version": "1.1.2",
      "resolved": "https://registry.npm.taobao.org/@protobufjs/base64/download/@protobufjs/base64-1.1.2.tgz",
      "integrity": "sha1-TIVzDlm5ofHzSQR9vyQpYDS7JzU="
    },
    "@protobufjs/codegen": {
      "version": "2.0.4",
      "resolved": "https://registry.npm.taobao.org/@protobufjs/codegen/download/@protobufjs/codegen-2.0.4.tgz",
      "integrity": "sha1-fvN/DQEPsCitGtWXIuUG2SYoFcs="
    },
    "@protobufjs/eventemitter": {
      "version": "1.1.0",
      "resolved": "https://registry.npm.taobao.org/@protobufjs/eventemitter/download/@protobufjs/eventemitter-1.1.0.tgz",
      "integrity": "sha1-NVy8mLr61ZePntCV85diHx0Ga3A="
    },
    "@protobufjs/fetch": {
      "version": "1.1.0",
      "resolved": "https://registry.npm.taobao.org/@protobufjs/fetch/download/@protobufjs/fetch-1.1.0.tgz",
      "integrity": "sha1-upn7WYYUr2VwDBYZ/wbUVLDYTEU=",
      "requires": {
        "@protobufjs/aspromise": "^1.1.1",
        "@protobufjs/inquire": "^1.1.0"
      }
    },
    "@protobufjs/float": {
      "version": "1.0.2",
      "resolved": "https://registry.npm.taobao.org/@protobufjs/float/download/@protobufjs/float-1.0.2.tgz",
      "integrity": "sha1-Xp4avctz/Ap8uLKR33jIy9l7h9E="
    },
    "@protobufjs/inquire": {
      "version": "1.1.0",
      "resolved": "https://registry.npm.taobao.org/@protobufjs/inquire/download/@protobufjs/inquire-1.1.0.tgz",
      "integrity": "sha1-/yAOPnzyQp4tyvwRQIKOjMY48Ik="
    },
    "@protobufjs/path": {
      "version": "1.1.2",
      "resolved": "https://registry.npm.taobao.org/@protobufjs/path/download/@protobufjs/path-1.1.2.tgz",
      "integrity": "sha1-bMKyDFya1q0NzP0hynZz2Nf79o0="
    },
    "@protobufjs/pool": {
      "version": "1.1.0",
      "resolved": "https://registry.npm.taobao.org/@protobufjs/pool/download/@protobufjs/pool-1.1.0.tgz",
      "integrity": "sha1-Cf0V8tbTq/qbZbw2ZQbWrXhG/1Q="
    },
    "@protobufjs/utf8": {
      "version": "1.1.0",
      "resolved": "https://registry.npm.taobao.org/@protobufjs/utf8/download/@protobufjs/utf8-1.1.0.tgz",
      "integrity": "sha1-p3c2C1s5oaLlEG+OhY8v0tBgxXA="
    },
    "@types/color-name": {
      "version": "1.1.1",
      "resolved": "https://registry.npm.taobao.org/@types/color-name/download/@types/color-name-1.1.1.tgz",
      "integrity": "sha1-HBJhu+qhCoBVu8XYq4S3sq/IRqA="
    },
    "@types/long": {
      "version": "4.0.1",
      "resolved": "https://registry.npm.taobao.org/@types/long/download/@types/long-4.0.1.tgz",
      "integrity": "sha1-RZxl+hhn2v5qjzIsTFFpVmPMVek="
    },
    "@types/node": {
      "version": "12.12.54",
      "resolved": "https://registry.npm.taobao.org/@types/node/download/@types/node-12.12.54.tgz?cache=0&sync_timestamp=1597674929436&other_urls=https%3A%2F%2Fregistry.npm.taobao.org%2F%40types%2Fnode%2Fdownload%2F%40types%2Fnode-12.12.54.tgz",
      "integrity": "sha1-pLWNjfOkZ3tsCL+8lLetenpfgtE="
    },
    "abort-controller": {
      "version": "3.0.0",
      "resolved": "https://registry.npm.taobao.org/abort-controller/download/abort-controller-3.0.0.tgz",
      "integrity": "sha1-6vVNU7YrrkE46AnKIlyEOabvs5I=",
      "requires": {
        "event-target-shim": "^5.0.0"
      }
    },
    "agent-base": {
      "version": "6.0.1",
      "resolved": "https://registry.npm.taobao.org/agent-base/download/agent-base-6.0.1.tgz?cache=0&sync_timestamp=1593732732901&other_urls=https%3A%2F%2Fregistry.npm.taobao.org%2Fagent-base%2Fdownload%2Fagent-base-6.0.1.tgz",
      "integrity": "sha1-gIAH5OWGfeywq2qy+Sj721pZbbQ=",
      "requires": {
        "debug": "4"
      }
    },
    "ansi-regex": {
      "version": "5.0.0",
      "resolved": "https://registry.npm.taobao.org/ansi-regex/download/ansi-regex-5.0.0.tgz",
      "integrity": "sha1-OIU59VF5vzkznIGvMKZU1p+Hy3U="
    },
    "ansi-styles": {
      "version": "4.2.1",
      "resolved": "https://registry.npm.taobao.org/ansi-styles/download/ansi-styles-4.2.1.tgz",
      "integrity": "sha1-kK51xCTQCNJiTFvynq0xd+v881k=",
      "requires": {
        "@types/color-name": "^1.1.1",
        "color-convert": "^2.0.1"
      }
    },
    "arrify": {
      "version": "2.0.1",
      "resolved": "https://registry.npm.taobao.org/arrify/download/arrify-2.0.1.tgz",
      "integrity": "sha1-yWVekzHgq81YjSp8rX6ZVvZnAfo="
    },
    "base64-js": {
      "version": "1.3.1",
      "resolved": "https://registry.npm.taobao.org/base64-js/download/base64-js-1.3.1.tgz",
      "integrity": "sha1-WOzoy3XdB+ce0IxzarxfrE2/jfE="
    },
    "bignumber.js": {
      "version": "9.0.0",
      "resolved": "https://registry.npm.taobao.org/bignumber.js/download/bignumber.js-9.0.0.tgz",
      "integrity": "sha1-gFiA+Eoym16sbny2+CdLbYK98HU="
    },
    "body-parser": {
      "version": "1.19.0",
      "resolved": "https://registry.npm.taobao.org/body-parser/download/body-parser-1.19.0.tgz",
      "integrity": "sha1-lrJwnlfJxOCab9Zqj9l5hE9p8Io=",
      "requires": {
        "bytes": "3.1.0",
        "content-type": "~1.0.4",
        "debug": "2.6.9",
        "depd": "~1.1.2",
        "http-errors": "1.7.2",
        "iconv-lite": "0.4.24",
        "on-finished": "~2.3.0",
        "qs": "6.7.0",
        "raw-body": "2.4.0",
        "type-is": "~1.6.17"
      },
      "dependencies": {
        "debug": {
          "version": "2.6.9",
          "resolved": "https://registry.npm.taobao.org/debug/download/debug-2.6.9.tgz?cache=0&sync_timestamp=1589891993007&other_urls=https%3A%2F%2Fregistry.npm.taobao.org%2Fdebug%2Fdownload%2Fdebug-2.6.9.tgz",
          "integrity": "sha1-XRKFFd8TT/Mn6QpMk/Tgd6U2NB8=",
          "requires": {
            "ms": "2.0.0"
          }
        },
        "ms": {
          "version": "2.0.0",
          "resolved": "https://registry.npm.taobao.org/ms/download/ms-2.0.0.tgz",
          "integrity": "sha1-VgiurfwAvmwpAd9fmGF4jeDVl8g="
        }
      }
    },
    "buffer-equal-constant-time": {
      "version": "1.0.1",
      "resolved": "https://registry.npm.taobao.org/buffer-equal-constant-time/download/buffer-equal-constant-time-1.0.1.tgz",
      "integrity": "sha1-+OcRMvf/5uAaXJaXpMbz5I1cyBk="
    },
    "buffer-from": {
      "version": "1.1.1",
      "resolved": "https://registry.npm.taobao.org/buffer-from/download/buffer-from-1.1.1.tgz",
      "integrity": "sha1-MnE7wCj3XAL9txDXx7zsHyxgcO8="
    },
    "bytes": {
      "version": "3.1.0",
      "resolved": "https://registry.npm.taobao.org/bytes/download/bytes-3.1.0.tgz",
      "integrity": "sha1-9s95M6Ng4FiPqf3oVlHNx/gF0fY="
    },
    "camelcase": {
      "version": "5.3.1",
      "resolved": "https://registry.npm.taobao.org/camelcase/download/camelcase-5.3.1.tgz",
      "integrity": "sha1-48mzFWnhBoEd8kL3FXJaH0xJQyA="
    },
    "cliui": {
      "version": "6.0.0",
      "resolved": "https://registry.npm.taobao.org/cliui/download/cliui-6.0.0.tgz?cache=0&sync_timestamp=1597608006561&other_urls=https%3A%2F%2Fregistry.npm.taobao.org%2Fcliui%2Fdownload%2Fcliui-6.0.0.tgz",
      "integrity": "sha1-UR1wLAxOQcoVbX0OlgIfI+EyJbE=",
      "requires": {
        "string-width": "^4.2.0",
        "strip-ansi": "^6.0.0",
        "wrap-ansi": "^6.2.0"
      }
    },
    "color-convert": {
      "version": "2.0.1",
      "resolved": "https://registry.npm.taobao.org/color-convert/download/color-convert-2.0.1.tgz",
      "integrity": "sha1-ctOmjVmMm9s68q0ehPIdiWq9TeM=",
      "requires": {
        "color-name": "~1.1.4"
      }
    },
    "color-name": {
      "version": "1.1.4",
      "resolved": "https://registry.npm.taobao.org/color-name/download/color-name-1.1.4.tgz",
      "integrity": "sha1-wqCah6y95pVD3m9j+jmVyCbFNqI="
    },
    "concat-stream": {
      "version": "2.0.0",
      "resolved": "https://registry.npm.taobao.org/concat-stream/download/concat-stream-2.0.0.tgz",
      "integrity": "sha1-QUz1r3kKSMYKub5FJ9VtXkETPLE=",
      "requires": {
        "buffer-from": "^1.0.0",
        "inherits": "^2.0.3",
        "readable-stream": "^3.0.2",
        "typedarray": "^0.0.6"
      }
    },
    "content-type": {
      "version": "1.0.4",
      "resolved": "https://registry.npm.taobao.org/content-type/download/content-type-1.0.4.tgz",
      "integrity": "sha1-4TjMdeBAxyexlm/l5fjJruJW/js="
    },
    "core-util-is": {
      "version": "1.0.2",
      "resolved": "https://registry.npm.taobao.org/core-util-is/download/core-util-is-1.0.2.tgz",
      "integrity": "sha1-tf1UIgqivFq1eqtxQMlAdUUDwac="
    },
    "debug": {
      "version": "4.1.1",
      "resolved": "https://registry.npm.taobao.org/debug/download/debug-4.1.1.tgz?cache=0&sync_timestamp=1589891993007&other_urls=https%3A%2F%2Fregistry.npm.taobao.org%2Fdebug%2Fdownload%2Fdebug-4.1.1.tgz",
      "integrity": "sha1-O3ImAlUQnGtYnO4FDx1RYTlmR5E=",
      "requires": {
        "ms": "^2.1.1"
      }
    },
    "decamelize": {
      "version": "1.2.0",
      "resolved": "https://registry.npm.taobao.org/decamelize/download/decamelize-1.2.0.tgz",
      "integrity": "sha1-9lNNFRSCabIDUue+4m9QH5oZEpA="
    },
    "depd": {
      "version": "1.1.2",
      "resolved": "https://registry.npm.taobao.org/depd/download/depd-1.1.2.tgz",
      "integrity": "sha1-m81S4UwJd2PnSbJ0xDRu0uVgtak="
    },
    "duplexify": {
      "version": "3.7.1",
      "resolved": "https://registry.npm.taobao.org/duplexify/download/duplexify-3.7.1.tgz",
      "integrity": "sha1-Kk31MX9sz9kfhtb9JdjYoQO4gwk=",
      "requires": {
        "end-of-stream": "^1.0.0",
        "inherits": "^2.0.1",
        "readable-stream": "^2.0.0",
        "stream-shift": "^1.0.0"
      },
      "dependencies": {
        "readable-stream": {
          "version": "2.3.7",
          "resolved": "https://registry.npm.taobao.org/readable-stream/download/readable-stream-2.3.7.tgz?cache=0&sync_timestamp=1581624324274&other_urls=https%3A%2F%2Fregistry.npm.taobao.org%2Freadable-stream%2Fdownload%2Freadable-stream-2.3.7.tgz",
          "integrity": "sha1-Hsoc9xGu+BTAT2IlKjamL2yyO1c=",
          "requires": {
            "core-util-is": "~1.0.0",
            "inherits": "~2.0.3",
            "isarray": "~1.0.0",
            "process-nextick-args": "~2.0.0",
            "safe-buffer": "~5.1.1",
            "string_decoder": "~1.1.1",
            "util-deprecate": "~1.0.1"
          }
        },
        "safe-buffer": {
          "version": "5.1.2",
          "resolved": "https://registry.npm.taobao.org/safe-buffer/download/safe-buffer-5.1.2.tgz",
          "integrity": "sha1-mR7GnSluAxN0fVm9/St0XDX4go0="
        },
        "string_decoder": {
          "version": "1.1.1",
          "resolved": "https://registry.npm.taobao.org/string_decoder/download/string_decoder-1.1.1.tgz",
          "integrity": "sha1-nPFhG6YmhdcDCunkujQUnDrwP8g=",
          "requires": {
            "safe-buffer": "~5.1.0"
          }
        }
      }
    },
    "ecdsa-sig-formatter": {
      "version": "1.0.11",
      "resolved": "https://registry.npm.taobao.org/ecdsa-sig-formatter/download/ecdsa-sig-formatter-1.0.11.tgz",
      "integrity": "sha1-rg8PothQRe8UqBfao86azQSJ5b8=",
      "requires": {
        "safe-buffer": "^5.0.1"
      }
    },
    "ee-first": {
      "version": "1.1.1",
      "resolved": "https://registry.npm.taobao.org/ee-first/download/ee-first-1.1.1.tgz",
      "integrity": "sha1-WQxhFWsK4vTwJVcyoViyZrxWsh0="
    },
    "emoji-regex": {
      "version": "8.0.0",
      "resolved": "https://registry.npm.taobao.org/emoji-regex/download/emoji-regex-8.0.0.tgz?cache=0&sync_timestamp=1586511397703&other_urls=https%3A%2F%2Fregistry.npm.taobao.org%2Femoji-regex%2Fdownload%2Femoji-regex-8.0.0.tgz",
      "integrity": "sha1-6Bj9ac5cz8tARZT4QpY79TFkzDc="
    },
    "end-of-stream": {
      "version": "1.4.4",
      "resolved": "https://registry.npm.taobao.org/end-of-stream/download/end-of-stream-1.4.4.tgz",
      "integrity": "sha1-WuZKX0UFe682JuwU2gyl5LJDHrA=",
      "requires": {
        "once": "^1.4.0"
      }
    },
    "event-target-shim": {
      "version": "5.0.1",
      "resolved": "https://registry.npm.taobao.org/event-target-shim/download/event-target-shim-5.0.1.tgz",
      "integrity": "sha1-XU0+vflYPWOlMzzi3rdICrKwV4k="
    },
    "express-recaptcha": {
      "version": "5.0.2",
      "resolved": "https://registry.npm.taobao.org/express-recaptcha/download/express-recaptcha-5.0.2.tgz",
      "integrity": "sha1-F94hLBZUiUYquF4eB8TqgWYdXl8="
    },
    "extend": {
      "version": "3.0.2",
      "resolved": "https://registry.npm.taobao.org/extend/download/extend-3.0.2.tgz",
      "integrity": "sha1-+LETa0Bx+9jrFAr/hYsQGewpFfo="
    },
    "fast-text-encoding": {
      "version": "1.0.3",
      "resolved": "https://registry.npm.taobao.org/fast-text-encoding/download/fast-text-encoding-1.0.3.tgz",
      "integrity": "sha1-7AKsjgGrijGa8YLa4mgSE8/pzlM="
    },
    "find-up": {
      "version": "4.1.0",
      "resolved": "https://registry.npm.taobao.org/find-up/download/find-up-4.1.0.tgz?cache=0&sync_timestamp=1597169842138&other_urls=https%3A%2F%2Fregistry.npm.taobao.org%2Ffind-up%2Fdownload%2Ffind-up-4.1.0.tgz",
      "integrity": "sha1-l6/n1s3AvFkoWEt8jXsW6KmqXRk=",
      "requires": {
        "locate-path": "^5.0.0",
        "path-exists": "^4.0.0"
      }
    },
    "gaxios": {
      "version": "3.1.0",
      "resolved": "https://registry.npm.taobao.org/gaxios/download/gaxios-3.1.0.tgz",
      "integrity": "sha1-lfZfWjNfYa/2Av4STP26hST3Zfo=",
      "requires": {
        "abort-controller": "^3.0.0",
        "extend": "^3.0.2",
        "https-proxy-agent": "^5.0.0",
        "is-stream": "^2.0.0",
        "node-fetch": "^2.3.0"
      }
    },
    "gcp-metadata": {
      "version": "4.1.4",
      "resolved": "https://registry.npm.taobao.org/gcp-metadata/download/gcp-metadata-4.1.4.tgz",
      "integrity": "sha1-OtrbkVjHFsMlhJ7ok3QXIaPAnn4=",
      "requires": {
        "gaxios": "^3.0.0",
        "json-bigint": "^1.0.0"
      }
    },
    "get-caller-file": {
      "version": "2.0.5",
      "resolved": "https://registry.npm.taobao.org/get-caller-file/download/get-caller-file-2.0.5.tgz",
      "integrity": "sha1-T5RBKoLbMvNuOwuXQfipf+sDH34="
    },
    "google-auth-library": {
      "version": "6.0.6",
      "resolved": "https://registry.npm.taobao.org/google-auth-library/download/google-auth-library-6.0.6.tgz",
      "integrity": "sha1-UQLlxkO6q0W0wW6XUs1WuIYfOoI=",
      "requires": {
        "arrify": "^2.0.0",
        "base64-js": "^1.3.0",
        "ecdsa-sig-formatter": "^1.0.11",
        "fast-text-encoding": "^1.0.0",
        "gaxios": "^3.0.0",
        "gcp-metadata": "^4.1.0",
        "gtoken": "^5.0.0",
        "jws": "^4.0.0",
        "lru-cache": "^6.0.0"
      }
    },
    "google-gax": {
      "version": "2.7.0",
      "resolved": "https://registry.npm.taobao.org/google-gax/download/google-gax-2.7.0.tgz",
      "integrity": "sha1-Wq/3vb4ycw+XX0Ft1Il8VYyJq4Q=",
      "requires": {
        "@grpc/grpc-js": "~1.1.1",
        "@grpc/proto-loader": "^0.5.1",
        "@types/long": "^4.0.0",
        "abort-controller": "^3.0.0",
        "duplexify": "^3.6.0",
        "google-auth-library": "^6.0.0",
        "is-stream-ended": "^0.1.4",
        "lodash.at": "^4.6.0",
        "lodash.has": "^4.5.2",
        "node-fetch": "^2.6.0",
        "protobufjs": "^6.9.0",
        "retry-request": "^4.0.0",
        "semver": "^6.0.0",
        "walkdir": "^0.4.0"
      }
    },
    "google-p12-pem": {
      "version": "3.0.2",
      "resolved": "https://registry.npm.taobao.org/google-p12-pem/download/google-p12-pem-3.0.2.tgz?cache=0&sync_timestamp=1594345918077&other_urls=https%3A%2F%2Fregistry.npm.taobao.org%2Fgoogle-p12-pem%2Fdownload%2Fgoogle-p12-pem-3.0.2.tgz",
      "integrity": "sha1-EtRDmUtvTNjJ5KxHny8Y1GlMvbg=",
      "requires": {
        "node-forge": "^0.9.0"
      }
    },
    "gtoken": {
      "version": "5.0.2",
      "resolved": "https://registry.npm.taobao.org/gtoken/download/gtoken-5.0.2.tgz",
      "integrity": "sha1-aI5DNLmTeLTUpnrdGeFoD0Ebp00=",
      "requires": {
        "gaxios": "^3.0.0",
        "google-p12-pem": "^3.0.0",
        "jws": "^4.0.0",
        "mime": "^2.2.0"
      }
    },
    "http-errors": {
      "version": "1.7.2",
      "resolved": "https://registry.npm.taobao.org/http-errors/download/http-errors-1.7.2.tgz?cache=0&sync_timestamp=1593407676624&other_urls=https%3A%2F%2Fregistry.npm.taobao.org%2Fhttp-errors%2Fdownload%2Fhttp-errors-1.7.2.tgz",
      "integrity": "sha1-T1ApzxMjnzEDblsuVSkrz7zIXI8=",
      "requires": {
        "depd": "~1.1.2",
        "inherits": "2.0.3",
        "setprototypeof": "1.1.1",
        "statuses": ">= 1.5.0 < 2",
        "toidentifier": "1.0.0"
      },
      "dependencies": {
        "inherits": {
          "version": "2.0.3",
          "resolved": "https://registry.npm.taobao.org/inherits/download/inherits-2.0.3.tgz",
          "integrity": "sha1-Yzwsg+PaQqUC9SRmAiSA9CCCYd4="
        }
      }
    },
    "https-proxy-agent": {
      "version": "5.0.0",
      "resolved": "https://registry.npm.taobao.org/https-proxy-agent/download/https-proxy-agent-5.0.0.tgz",
      "integrity": "sha1-4qkFQqu2inYuCghQ9sntrf2FBrI=",
      "requires": {
        "agent-base": "6",
        "debug": "4"
      }
    },
    "iconv-lite": {
      "version": "0.4.24",
      "resolved": "https://registry.npm.taobao.org/iconv-lite/download/iconv-lite-0.4.24.tgz?cache=0&sync_timestamp=1594184264130&other_urls=https%3A%2F%2Fregistry.npm.taobao.org%2Ficonv-lite%2Fdownload%2Ficonv-lite-0.4.24.tgz",
      "integrity": "sha1-ICK0sl+93CHS9SSXSkdKr+czkIs=",
      "requires": {
        "safer-buffer": ">= 2.1.2 < 3"
      }
    },
    "inherits": {
      "version": "2.0.4",
      "resolved": "https://registry.npm.taobao.org/inherits/download/inherits-2.0.4.tgz",
      "integrity": "sha1-D6LGT5MpF8NDOg3tVTY6rjdBa3w="
    },
    "is": {
      "version": "3.3.0",
      "resolved": "https://registry.npm.taobao.org/is/download/is-3.3.0.tgz",
      "integrity": "sha1-Yc/23TxBk9uUo9YlggcrROVkXXk="
    },
    "is-fullwidth-code-point": {
      "version": "3.0.0",
      "resolved": "https://registry.npm.taobao.org/is-fullwidth-code-point/download/is-fullwidth-code-point-3.0.0.tgz",
      "integrity": "sha1-8Rb4Bk/pCz94RKOJl8C3UFEmnx0="
    },
    "is-stream": {
      "version": "2.0.0",
      "resolved": "https://registry.npm.taobao.org/is-stream/download/is-stream-2.0.0.tgz",
      "integrity": "sha1-venDJoDW+uBBKdasnZIc54FfeOM="
    },
    "is-stream-ended": {
      "version": "0.1.4",
      "resolved": "https://registry.npm.taobao.org/is-stream-ended/download/is-stream-ended-0.1.4.tgz",
      "integrity": "sha1-9QIk6V4GvODjVtRApIJ801smfto="
    },
    "isarray": {
      "version": "1.0.0",
      "resolved": "https://registry.npm.taobao.org/isarray/download/isarray-1.0.0.tgz",
      "integrity": "sha1-u5NdSFgsuhaMBoNJV6VKPgcSTxE="
    },
    "json-bigint": {
      "version": "1.0.0",
      "resolved": "https://registry.npm.taobao.org/json-bigint/download/json-bigint-1.0.0.tgz?cache=0&sync_timestamp=1594724560937&other_urls=https%3A%2F%2Fregistry.npm.taobao.org%2Fjson-bigint%2Fdownload%2Fjson-bigint-1.0.0.tgz",
      "integrity": "sha1-rlR4I6wMrYOYZn+M2e9HMPWwH/E=",
      "requires": {
        "bignumber.js": "^9.0.0"
      }
    },
    "jwa": {
      "version": "2.0.0",
      "resolved": "https://registry.npm.taobao.org/jwa/download/jwa-2.0.0.tgz",
      "integrity": "sha1-p+nD8p2ulAJ+vK9Jl1yTRVk0EPw=",
      "requires": {
        "buffer-equal-constant-time": "1.0.1",
        "ecdsa-sig-formatter": "1.0.11",
        "safe-buffer": "^5.0.1"
      }
    },
    "jws": {
      "version": "4.0.0",
      "resolved": "https://registry.npm.taobao.org/jws/download/jws-4.0.0.tgz",
      "integrity": "sha1-LU6M9qMY/6oSYV6d7H6G5slzEPQ=",
      "requires": {
        "jwa": "^2.0.0",
        "safe-buffer": "^5.0.1"
      }
    },
    "locate-path": {
      "version": "5.0.0",
      "resolved": "https://registry.npm.taobao.org/locate-path/download/locate-path-5.0.0.tgz",
      "integrity": "sha1-Gvujlq/WdqbUJQTQpno6frn2KqA=",
      "requires": {
        "p-locate": "^4.1.0"
      }
    },
    "lodash.at": {
      "version": "4.6.0",
      "resolved": "https://registry.npm.taobao.org/lodash.at/download/lodash.at-4.6.0.tgz",
      "integrity": "sha1-k83OZk8KGZTqM9181A4jr9EbD/g="
    },
    "lodash.camelcase": {
      "version": "4.3.0",
      "resolved": "https://registry.npm.taobao.org/lodash.camelcase/download/lodash.camelcase-4.3.0.tgz",
      "integrity": "sha1-soqmKIorn8ZRA1x3EfZathkDMaY="
    },
    "lodash.has": {
      "version": "4.5.2",
      "resolved": "https://registry.npm.taobao.org/lodash.has/download/lodash.has-4.5.2.tgz",
      "integrity": "sha1-0Z9NwQlQWMzL4rDN9O4P5Ko3yGI="
    },
    "long": {
      "version": "4.0.0",
      "resolved": "https://registry.npm.taobao.org/long/download/long-4.0.0.tgz",
      "integrity": "sha1-mntxz7fTYaGU6lVSQckvdGjVvyg="
    },
    "lru-cache": {
      "version": "6.0.0",
      "resolved": "https://registry.npm.taobao.org/lru-cache/download/lru-cache-6.0.0.tgz?cache=0&sync_timestamp=1594427582110&other_urls=https%3A%2F%2Fregistry.npm.taobao.org%2Flru-cache%2Fdownload%2Flru-cache-6.0.0.tgz",
      "integrity": "sha1-bW/mVw69lqr5D8rR2vo7JWbbOpQ=",
      "requires": {
        "yallist": "^4.0.0"
      }
    },
    "media-typer": {
      "version": "0.3.0",
      "resolved": "https://registry.npm.taobao.org/media-typer/download/media-typer-0.3.0.tgz",
      "integrity": "sha1-hxDXrwqmJvj/+hzgAWhUUmMlV0g="
    },
    "mime": {
      "version": "2.4.6",
      "resolved": "https://registry.npm.taobao.org/mime/download/mime-2.4.6.tgz?cache=0&sync_timestamp=1590596706367&other_urls=https%3A%2F%2Fregistry.npm.taobao.org%2Fmime%2Fdownload%2Fmime-2.4.6.tgz",
      "integrity": "sha1-5bQHyQ20QvK+tbFiNz0Htpr/pNE="
    },
    "mime-db": {
      "version": "1.44.0",
      "resolved": "https://registry.npm.taobao.org/mime-db/download/mime-db-1.44.0.tgz?cache=0&sync_timestamp=1587603342053&other_urls=https%3A%2F%2Fregistry.npm.taobao.org%2Fmime-db%2Fdownload%2Fmime-db-1.44.0.tgz",
      "integrity": "sha1-+hHF6wrKEzS0Izy01S8QxaYnL5I="
    },
    "mime-types": {
      "version": "2.1.27",
      "resolved": "https://registry.npm.taobao.org/mime-types/download/mime-types-2.1.27.tgz",
      "integrity": "sha1-R5SfmOJ56lMRn1ci4PNOUpvsAJ8=",
      "requires": {
        "mime-db": "1.44.0"
      }
    },
    "ms": {
      "version": "2.1.2",
      "resolved": "https://registry.npm.taobao.org/ms/download/ms-2.1.2.tgz",
      "integrity": "sha1-0J0fNXtEP0kzgqjrPM0YOHKuYAk="
    },
    "node-fetch": {
      "version": "2.6.0",
      "resolved": "https://registry.npm.taobao.org/node-fetch/download/node-fetch-2.6.0.tgz?cache=0&sync_timestamp=1597048786321&other_urls=https%3A%2F%2Fregistry.npm.taobao.org%2Fnode-fetch%2Fdownload%2Fnode-fetch-2.6.0.tgz",
      "integrity": "sha1-5jNFY4bUqlWGP2dqerDaqP3ssP0="
    },
    "node-forge": {
      "version": "0.9.1",
      "resolved": "https://registry.npm.taobao.org/node-forge/download/node-forge-0.9.1.tgz",
      "integrity": "sha1-d1No5oRlWKtmdoWKTYxujRbGd7U="
    },
    "on-finished": {
      "version": "2.3.0",
      "resolved": "https://registry.npm.taobao.org/on-finished/download/on-finished-2.3.0.tgz",
      "integrity": "sha1-IPEzZIGwg811M3mSoWlxqi2QaUc=",
      "requires": {
        "ee-first": "1.1.1"
      }
    },
    "once": {
      "version": "1.4.0",
      "resolved": "https://registry.npm.taobao.org/once/download/once-1.4.0.tgz",
      "integrity": "sha1-WDsap3WWHUsROsF9nFC6753Xa9E=",
      "requires": {
        "wrappy": "1"
      }
    },
    "p-limit": {
      "version": "2.3.0",
      "resolved": "https://registry.npm.taobao.org/p-limit/download/p-limit-2.3.0.tgz?cache=0&sync_timestamp=1594559734248&other_urls=https%3A%2F%2Fregistry.npm.taobao.org%2Fp-limit%2Fdownload%2Fp-limit-2.3.0.tgz",
      "integrity": "sha1-PdM8ZHohT9//2DWTPrCG2g3CHbE=",
      "requires": {
        "p-try": "^2.0.0"
      }
    },
    "p-locate": {
      "version": "4.1.0",
      "resolved": "https://registry.npm.taobao.org/p-locate/download/p-locate-4.1.0.tgz",
      "integrity": "sha1-o0KLtwiLOmApL2aRkni3wpetTwc=",
      "requires": {
        "p-limit": "^2.2.0"
      }
    },
    "p-try": {
      "version": "2.2.0",
      "resolved": "https://registry.npm.taobao.org/p-try/download/p-try-2.2.0.tgz",
      "integrity": "sha1-yyhoVA4xPWHeWPr741zpAE1VQOY="
    },
    "path-exists": {
      "version": "4.0.0",
      "resolved": "https://registry.npm.taobao.org/path-exists/download/path-exists-4.0.0.tgz",
      "integrity": "sha1-UTvb4tO5XXdi6METfvoZXGxhtbM="
    },
    "process-nextick-args": {
      "version": "2.0.1",
      "resolved": "https://registry.npm.taobao.org/process-nextick-args/download/process-nextick-args-2.0.1.tgz",
      "integrity": "sha1-eCDZsWEgzFXKmud5JoCufbptf+I="
    },
    "protobufjs": {
      "version": "6.10.1",
      "resolved": "https://registry.npm.taobao.org/protobufjs/download/protobufjs-6.10.1.tgz?cache=0&sync_timestamp=1594866379792&other_urls=https%3A%2F%2Fregistry.npm.taobao.org%2Fprotobufjs%2Fdownload%2Fprotobufjs-6.10.1.tgz",
      "integrity": "sha1-5qSE3Y8EspYp6QUzROOXDMzxPNI=",
      "requires": {
        "@protobufjs/aspromise": "^1.1.2",
        "@protobufjs/base64": "^1.1.2",
        "@protobufjs/codegen": "^2.0.4",
        "@protobufjs/eventemitter": "^1.1.0",
        "@protobufjs/fetch": "^1.1.0",
        "@protobufjs/float": "^1.0.2",
        "@protobufjs/inquire": "^1.1.0",
        "@protobufjs/path": "^1.1.2",
        "@protobufjs/pool": "^1.1.0",
        "@protobufjs/utf8": "^1.1.0",
        "@types/long": "^4.0.1",
        "@types/node": "^13.7.0",
        "long": "^4.0.0"
      },
      "dependencies": {
        "@types/node": {
          "version": "13.13.15",
          "resolved": "https://registry.npm.taobao.org/@types/node/download/@types/node-13.13.15.tgz?cache=0&sync_timestamp=1597674929436&other_urls=https%3A%2F%2Fregistry.npm.taobao.org%2F%40types%2Fnode%2Fdownload%2F%40types%2Fnode-13.13.15.tgz",
          "integrity": "sha1-/hzDqkZaPqaFi3k/04C2bDmRl2Y="
        }
      }
    },
    "qs": {
      "version": "6.7.0",
      "resolved": "https://registry.npm.taobao.org/qs/download/qs-6.7.0.tgz",
      "integrity": "sha1-QdwaAV49WB8WIXdr4xr7KHapsbw="
    },
    "raw-body": {
      "version": "2.4.0",
      "resolved": "https://registry.npm.taobao.org/raw-body/download/raw-body-2.4.0.tgz",
      "integrity": "sha1-oc5vucm8NWylLoklarWQWeE9AzI=",
      "requires": {
        "bytes": "3.1.0",
        "http-errors": "1.7.2",
        "iconv-lite": "0.4.24",
        "unpipe": "1.0.0"
      }
    },
    "readable-stream": {
      "version": "3.6.0",
      "resolved": "https://registry.npm.taobao.org/readable-stream/download/readable-stream-3.6.0.tgz?cache=0&sync_timestamp=1581624324274&other_urls=https%3A%2F%2Fregistry.npm.taobao.org%2Freadable-stream%2Fdownload%2Freadable-stream-3.6.0.tgz",
      "integrity": "sha1-M3u9o63AcGvT4CRCaihtS0sskZg=",
      "requires": {
        "inherits": "^2.0.3",
        "string_decoder": "^1.1.1",
        "util-deprecate": "^1.0.1"
      }
    },
    "require-directory": {
      "version": "2.1.1",
      "resolved": "https://registry.npm.taobao.org/require-directory/download/require-directory-2.1.1.tgz",
      "integrity": "sha1-jGStX9MNqxyXbiNE/+f3kqam30I="
    },
    "require-main-filename": {
      "version": "2.0.0",
      "resolved": "https://registry.npm.taobao.org/require-main-filename/download/require-main-filename-2.0.0.tgz",
      "integrity": "sha1-0LMp7MfMD2Fkn2IhW+aa9UqomJs="
    },
    "retry-request": {
      "version": "4.1.2",
      "resolved": "https://registry.npm.taobao.org/retry-request/download/retry-request-4.1.2.tgz",
      "integrity": "sha1-iOsoulsLgcNpLwPdny+Rhoviows=",
      "requires": {
        "debug": "^4.1.1",
        "through2": "^3.0.1"
      }
    },
    "safe-buffer": {
      "version": "5.2.1",
      "resolved": "https://registry.npm.taobao.org/safe-buffer/download/safe-buffer-5.2.1.tgz",
      "integrity": "sha1-Hq+fqb2x/dTsdfWPnNtOa3gn7sY="
    },
    "safer-buffer": {
      "version": "2.1.2",
      "resolved": "https://registry.npm.taobao.org/safer-buffer/download/safer-buffer-2.1.2.tgz",
      "integrity": "sha1-RPoWGwGHuVSd2Eu5GAL5vYOFzWo="
    },
    "semver": {
      "version": "6.3.0",
      "resolved": "https://registry.npm.taobao.org/semver/download/semver-6.3.0.tgz",
      "integrity": "sha1-7gpkyK9ejO6mdoexM3YeG+y9HT0="
    },
    "set-blocking": {
      "version": "2.0.0",
      "resolved": "https://registry.npm.taobao.org/set-blocking/download/set-blocking-2.0.0.tgz",
      "integrity": "sha1-BF+XgtARrppoA93TgrJDkrPYkPc="
    },
    "setprototypeof": {
      "version": "1.1.1",
      "resolved": "https://registry.npm.taobao.org/setprototypeof/download/setprototypeof-1.1.1.tgz",
      "integrity": "sha1-fpWsskqpL1iF4KvvW6ExMw1K5oM="
    },
    "split-array-stream": {
      "version": "2.0.0",
      "resolved": "https://registry.npm.taobao.org/split-array-stream/download/split-array-stream-2.0.0.tgz",
      "integrity": "sha1-haT4v+FEIde8p/M6bRdtDAdqU7E=",
      "requires": {
        "is-stream-ended": "^0.1.4"
      }
    },
    "statuses": {
      "version": "1.5.0",
      "resolved": "https://registry.npm.taobao.org/statuses/download/statuses-1.5.0.tgz?cache=0&sync_timestamp=1587327902535&other_urls=https%3A%2F%2Fregistry.npm.taobao.org%2Fstatuses%2Fdownload%2Fstatuses-1.5.0.tgz",
      "integrity": "sha1-Fhx9rBd2Wf2YEfQ3cfqZOBR4Yow="
    },
    "stream-events": {
      "version": "1.0.5",
      "resolved": "https://registry.npm.taobao.org/stream-events/download/stream-events-1.0.5.tgz",
      "integrity": "sha1-u8iY7E3zOkkC2JIzPUfam/HEBtU=",
      "requires": {
        "stubs": "^3.0.0"
      }
    },
    "stream-shift": {
      "version": "1.0.1",
      "resolved": "https://registry.npm.taobao.org/stream-shift/download/stream-shift-1.0.1.tgz",
      "integrity": "sha1-1wiCgVWasneEJCebCHfaPDktWj0="
    },
    "string-width": {
      "version": "4.2.0",
      "resolved": "https://registry.npm.taobao.org/string-width/download/string-width-4.2.0.tgz",
      "integrity": "sha1-lSGCxGzHssMT0VluYjmSvRY7crU=",
      "requires": {
        "emoji-regex": "^8.0.0",
        "is-fullwidth-code-point": "^3.0.0",
        "strip-ansi": "^6.0.0"
      }
    },
    "string_decoder": {
      "version": "1.3.0",
      "resolved": "https://registry.npm.taobao.org/string_decoder/download/string_decoder-1.3.0.tgz",
      "integrity": "sha1-QvEUWUpGzxqOMLCoT1bHjD7awh4=",
      "requires": {
        "safe-buffer": "~5.2.0"
      }
    },
    "strip-ansi": {
      "version": "6.0.0",
      "resolved": "https://registry.npm.taobao.org/strip-ansi/download/strip-ansi-6.0.0.tgz?cache=0&sync_timestamp=1573280518303&other_urls=https%3A%2F%2Fregistry.npm.taobao.org%2Fstrip-ansi%2Fdownload%2Fstrip-ansi-6.0.0.tgz",
      "integrity": "sha1-CxVx3XZpzNTz4G4U7x7tJiJa5TI=",
      "requires": {
        "ansi-regex": "^5.0.0"
      }
    },
    "stubs": {
      "version": "3.0.0",
      "resolved": "https://registry.npm.taobao.org/stubs/download/stubs-3.0.0.tgz",
      "integrity": "sha1-6NK6H6nJBXAwPAMLaQD31fiavls="
    },
    "through2": {
      "version": "3.0.2",
      "resolved": "https://registry.npm.taobao.org/through2/download/through2-3.0.2.tgz",
      "integrity": "sha1-mfiJMc/HYex2eLQdXXM2tbage/Q=",
      "requires": {
        "inherits": "^2.0.4",
        "readable-stream": "2 || 3"
      }
    },
    "toidentifier": {
      "version": "1.0.0",
      "resolved": "https://registry.npm.taobao.org/toidentifier/download/toidentifier-1.0.0.tgz",
      "integrity": "sha1-fhvjRw8ed5SLxD2Uo8j013UrpVM="
    },
    "type-is": {
      "version": "1.6.18",
      "resolved": "https://registry.npm.taobao.org/type-is/download/type-is-1.6.18.tgz",
      "integrity": "sha1-TlUs0F3wlGfcvE73Od6J8s83wTE=",
      "requires": {
        "media-typer": "0.3.0",
        "mime-types": "~2.1.24"
      }
    },
    "typedarray": {
      "version": "0.0.6",
      "resolved": "https://registry.npm.taobao.org/typedarray/download/typedarray-0.0.6.tgz",
      "integrity": "sha1-hnrHTjhkGHsdPUfZlqeOxciDB3c="
    },
    "unpipe": {
      "version": "1.0.0",
      "resolved": "https://registry.npm.taobao.org/unpipe/download/unpipe-1.0.0.tgz",
      "integrity": "sha1-sr9O6FFKrmFltIF4KdIbLvSZBOw="
    },
    "util-deprecate": {
      "version": "1.0.2",
      "resolved": "https://registry.npm.taobao.org/util-deprecate/download/util-deprecate-1.0.2.tgz",
      "integrity": "sha1-RQ1Nyfpw3nMnYvvS1KKJgUGaDM8="
    },
    "walkdir": {
      "version": "0.4.1",
      "resolved": "https://registry.npm.taobao.org/walkdir/download/walkdir-0.4.1.tgz",
      "integrity": "sha1-3BGfg/RCHfUuMGHlFCKKLbIK+jk="
    },
    "which-module": {
      "version": "2.0.0",
      "resolved": "https://registry.npm.taobao.org/which-module/download/which-module-2.0.0.tgz",
      "integrity": "sha1-2e8H3Od7mQK4o6j6SzHD4/fm6Ho="
    },
    "wrap-ansi": {
      "version": "6.2.0",
      "resolved": "https://registry.npm.taobao.org/wrap-ansi/download/wrap-ansi-6.2.0.tgz",
      "integrity": "sha1-6Tk7oHEC5skaOyIUePAlfNKFblM=",
      "requires": {
        "ansi-styles": "^4.0.0",
        "string-width": "^4.1.0",
        "strip-ansi": "^6.0.0"
      }
    },
    "wrappy": {
      "version": "1.0.2",
      "resolved": "https://registry.npm.taobao.org/wrappy/download/wrappy-1.0.2.tgz",
      "integrity": "sha1-tSQ9jz7BqjXxNkYFvA0QNuMKtp8="
    },
    "y18n": {
      "version": "4.0.0",
      "resolved": "https://registry.npm.taobao.org/y18n/download/y18n-4.0.0.tgz",
      "integrity": "sha1-le+U+F7MgdAHwmThkKEg8KPIVms="
    },
    "yallist": {
      "version": "4.0.0",
      "resolved": "https://registry.npm.taobao.org/yallist/download/yallist-4.0.0.tgz",
      "integrity": "sha1-m7knkNnA7/7GO+c1GeEaNQGaOnI="
    },
    "yargs": {
      "version": "15.4.1",
      "resolved": "https://registry.npm.taobao.org/yargs/download/yargs-15.4.1.tgz?cache=0&sync_timestamp=1597809611661&other_urls=https%3A%2F%2Fregistry.npm.taobao.org%2Fyargs%2Fdownload%2Fyargs-15.4.1.tgz",
      "integrity": "sha1-DYehbeAa7p2L7Cv7909nhRcw9Pg=",
      "requires": {
        "cliui": "^6.0.0",
        "decamelize": "^1.2.0",
        "find-up": "^4.1.0",
        "get-caller-file": "^2.0.1",
        "require-directory": "^2.1.1",
        "require-main-filename": "^2.0.0",
        "set-blocking": "^2.0.0",
        "string-width": "^4.2.0",
        "which-module": "^2.0.0",
        "y18n": "^4.0.0",
        "yargs-parser": "^18.1.2"
      }
    },
    "yargs-parser": {
      "version": "18.1.3",
      "resolved": "https://registry.npm.taobao.org/yargs-parser/download/yargs-parser-18.1.3.tgz?cache=0&sync_timestamp=1596945681098&other_urls=https%3A%2F%2Fregistry.npm.taobao.org%2Fyargs-parser%2Fdownload%2Fyargs-parser-18.1.3.tgz",
      "integrity": "sha1-vmjEl1xrKr9GkjawyHA2L6sJp7A=",
      "requires": {
        "camelcase": "^5.0.0",
        "decamelize": "^1.2.0"
      }
    }
  }
}
